{
  "nodes": {
    "catppuccin": {
      "inputs": {
        "nixpkgs": [
          "nixpkgs"
        ]
      },
      "locked": {
        "lastModified": 1760468693,
        "narHash": "sha256-JtXWEvA09PLiBOcNws3eUa6WSj/j1aDc1isWXka6ctk=",
        "owner": "catppuccin",
        "repo": "nix",
        "rev": "2b289e5837767dd9239e4469d6ba69ca4f98038b",
        "type": "github"
      },
      "original": {
        "owner": "catppuccin",
        "repo": "nix",
        "type": "github"
      }
    },
    "dank_material_shell": {
      "inputs": {
        "dgop": "dgop",
        "dms-cli": "dms-cli",
        "nixpkgs": [
          "nixpkgs"
        ],
        "quickshell": "quickshell"
      },
      "locked": {
        "lastModified": 1760645405,
        "narHash": "sha256-5dfjLqNXXst1H5NMNinEwfhRtSrqc5jRyHBQBLQNOBI=",
        "owner": "AvengeMedia",
        "repo": "DankMaterialShell",
        "rev": "5758d7274e3ec346ad95139f691893311a3ba50b",
        "type": "github"
      },
      "original": {
        "owner": "AvengeMedia",
        "repo": "DankMaterialShell",
        "type": "github"
      }
    },
    "dank_material_shell_cli": {
      "inputs": {
        "nixpkgs": [
          "nixpkgs"
        ]
      },
      "locked": {
        "lastModified": 1760702675,
        "narHash": "sha256-uSKVpHP/Qdd5ONoeRl6EMYv/kgEUhb0iTyg6HUwEhfQ=",
        "owner": "AvengeMedia",
        "repo": "danklinux",
        "rev": "6277da1676009439af04421537bf641754ca80ed",
        "type": "github"
      },
      "original": {
        "owner": "AvengeMedia",
        "repo": "danklinux",
        "type": "github"
      }
    },
    "dgop": {
      "inputs": {
        "nixpkgs": [
          "dank_material_shell",
          "nixpkgs"
        ]
      },
      "locked": {
        "lastModified": 1760238269,
        "narHash": "sha256-7CeGZM/Z/5Qt3AYByCRohGYGR1MRuXYzTTbkV/JxyAs=",
        "owner": "AvengeMedia",
        "repo": "dgop",
        "rev": "95acdfce2d323e28fa8f5a4f345160962034f2b5",
        "type": "github"
      },
      "original": {
        "owner": "AvengeMedia",
        "repo": "dgop",
        "type": "github"
      }
    },
    "dgop_2": {
      "inputs": {
        "nixpkgs": [
          "nixpkgs"
        ]
      },
      "locked": {
        "lastModified": 1760238269,
        "narHash": "sha256-7CeGZM/Z/5Qt3AYByCRohGYGR1MRuXYzTTbkV/JxyAs=",
        "owner": "AvengeMedia",
        "repo": "dgop",
        "rev": "95acdfce2d323e28fa8f5a4f345160962034f2b5",
        "type": "github"
      },
      "original": {
        "owner": "AvengeMedia",
        "repo": "dgop",
        "type": "github"
      }
    },
    "dms-cli": {
      "inputs": {
        "nixpkgs": [
          "dank_material_shell",
          "nixpkgs"
        ]
      },
      "locked": {
        "lastModified": 1760241259,
        "narHash": "sha256-DlLGn+4M6tIafoDsHr2WhHG2hrHrC24S2IL3+KAvjEU=",
        "owner": "AvengeMedia",
        "repo": "danklinux",
        "rev": "dae4c3ff4ce0feb930361c399747edb29d081775",
        "type": "github"
      },
      "original": {
        "owner": "AvengeMedia",
        "repo": "danklinux",
        "type": "github"
      }
    },
    "home-manager": {
      "inputs": {
        "nixpkgs": [
          "zen_browser",
          "nixpkgs"
        ]
      },
      "locked": {
        "lastModified": 1752603129,
        "narHash": "sha256-S+wmHhwNQ5Ru689L2Gu8n1OD6s9eU9n9mD827JNR+kw=",
        "owner": "nix-community",
        "repo": "home-manager",
        "rev": "e8c19a3cec2814c754f031ab3ae7316b64da085b",
        "type": "github"
      },
      "original": {
        "owner": "nix-community",
        "repo": "home-manager",
        "type": "github"
      }
    },
    "home_manager": {
      "inputs": {
        "nixpkgs": [
          "nixpkgs"
        ]
      },
      "locked": {
        "lastModified": 1760500983,
        "narHash": "sha256-zfY4F4CpeUjTGgecIJZ+M7vFpwLc0Gm9epM/iMQd4w8=",
        "owner": "nix-community",
        "repo": "home-manager",
        "rev": "c53e65ec92f38d30e3c14f8d628ab55d462947aa",
        "type": "github"
      },
      "original": {
        "owner": "nix-community",
        "repo": "home-manager",
        "type": "github"
      }
    },
    "nixpkgs": {
      "locked": {
        "lastModified": 1760284886,
        "narHash": "sha256-TK9Kr0BYBQ/1P5kAsnNQhmWWKgmZXwUQr4ZMjCzWf2c=",
        "owner": "nixos",
        "repo": "nixpkgs",
        "rev": "cf3f5c4def3c7b5f1fc012b3d839575dbe552d43",
        "type": "github"
      },
      "original": {
        "owner": "nixos",
        "ref": "nixos-unstable",
        "repo": "nixpkgs",
        "type": "github"
      }
    },
    "plasma_manager": {
      "inputs": {
        "home-manager": [
          "home_manager"
        ],
        "nixpkgs": [
          "nixpkgs"
        ]
      },
      "locked": {
        "lastModified": 1759321049,
        "narHash": "sha256-8XkU4gIrLT2DJZWQyvsP5woXGZF5eE/7AnKfwQkiwYU=",
        "owner": "nix-community",
        "repo": "plasma-manager",
        "rev": "205dcfd4a30d4a5d1b4f28defee69daa7c7252cd",
        "type": "github"
      },
      "original": {
        "owner": "nix-community",
        "repo": "plasma-manager",
        "type": "github"
      }
    },
    "quickshell": {
      "inputs": {
        "nixpkgs": [
          "dank_material_shell",
          "nixpkgs"
        ]
      },
      "locked": {
        "lastModified": 1760228179,
        "narHash": "sha256-4Z6k7lv3Zcgk3K+4h60LpqB9wCkR+utkYERU735U068=",
        "ref": "refs/heads/master",
        "rev": "c9d3ffb6043c5bf3f3009202bad7e0e5132c4a25",
        "revCount": 693,
        "type": "git",
        "url": "https://git.outfoxxed.me/quickshell/quickshell"
      },
      "original": {
        "type": "git",
        "url": "https://git.outfoxxed.me/quickshell/quickshell"
      }
    },
    "root": {
      "inputs": {
        "catppuccin": "catppuccin",
        "dank_material_shell": "dank_material_shell",
        "dank_material_shell_cli": "dank_material_shell_cli",
        "dgop": "dgop_2",
        "home_manager": "home_manager",
        "nixpkgs": "nixpkgs",
        "plasma_manager": "plasma_manager",
        "sops_nix": "sops_nix",
        "zen_browser": "zen_browser"
      }
    },
    "sops_nix": {
      "inputs": {
        "nixpkgs": [
          "nixpkgs"
        ]
      },
      "locked": {
        "lastModified": 1760393368,
        "narHash": "sha256-8mN3kqyqa2PKY0wwZ2UmMEYMcxvNTwLaOrrDsw6Qi4E=",
        "owner": "mic92",
        "repo": "sops-nix",
        "rev": "ab8d56e85b8be14cff9d93735951e30c3e86a437",
        "type": "github"
      },
      "original": {
        "owner": "mic92",
        "repo": "sops-nix",
        "type": "github"
      }
    },
    "zen_browser": {
      "inputs": {
        "home-manager": "home-manager",
        "nixpkgs": [
          "nixpkgs"
        ]
      },
      "locked": {
        "lastModified": 1760466542,
        "narHash": "sha256-q2QZhrrjHbvW4eFzoEGkj/wUHNU6bVGPyflurx5ka6U=",
        "owner": "0xc000022070",
        "repo": "zen-browser-flake",
        "rev": "3446bcbf5f46ecb18e82244888730c4983c30b22",
        "type": "github"
      },
      "original": {
        "owner": "0xc000022070",
        "repo": "zen-browser-flake",
        "type": "github"
      }
    }
  },
  "root": "root",
  "version": 7
}
