{
  "nodes": {
    "home_manager": {
      "inputs": {
        "nixpkgs": [
          "nixpkgs"
        ]
      },
      "locked": {
        "lastModified": 1743438213,
        "narHash": "sha256-ZZDN+0v1r4I1xkQWlt8euOJv5S4EvElUCZMrDjTCEsY=",
        "owner": "nix-community",
        "repo": "home-manager",
        "rev": "ccd7df836e1f42ea84806760f25b77b586370259",
        "type": "github"
      },
      "original": {
        "owner": "nix-community",
        "repo": "home-manager",
        "type": "github"
      }
    },
    "nixpkgs": {
      "locked": {
        "lastModified": 1743315132,
        "narHash": "sha256-6hl6L/tRnwubHcA4pfUUtk542wn2Om+D4UnDhlDW9BE=",
        "owner": "nixos",
        "repo": "nixpkgs",
        "rev": "52faf482a3889b7619003c0daec593a1912fddc1",
        "type": "github"
      },
      "original": {
        "owner": "nixos",
        "ref": "nixos-unstable",
        "repo": "nixpkgs",
        "type": "github"
      }
    },
    "plasma_manager": {
      "inputs": {
        "home-manager": [
          "home_manager"
        ],
        "nixpkgs": [
          "nixpkgs"
        ]
      },
      "locked": {
        "lastModified": 1742765550,
        "narHash": "sha256-2vVIh2JrL6GAGfgCeY9e6iNKrBjs0Hw3bGQEAbwVs68=",
        "owner": "nix-community",
        "repo": "plasma-manager",
        "rev": "b70be387276e632fe51232887f9e04e2b6ef8c16",
        "type": "github"
      },
      "original": {
        "owner": "nix-community",
        "repo": "plasma-manager",
        "type": "github"
      }
    },
    "root": {
      "inputs": {
        "home_manager": "home_manager",
        "nixpkgs": "nixpkgs",
        "plasma_manager": "plasma_manager",
        "sops_nix": "sops_nix",
        "zen_browser": "zen_browser"
      }
    },
    "sops_nix": {
      "inputs": {
        "nixpkgs": [
          "nixpkgs"
        ]
      },
      "locked": {
        "lastModified": 1743305778,
        "narHash": "sha256-Ux/UohNtnM5mn9SFjaHp6IZe2aAnUCzklMluNtV6zFo=",
        "owner": "mic92",
        "repo": "sops-nix",
        "rev": "8e873886bbfc32163fe027b8676c75637b7da114",
        "type": "github"
      },
      "original": {
        "owner": "mic92",
        "repo": "sops-nix",
        "type": "github"
      }
    },
    "zen_browser": {
      "inputs": {
        "nixpkgs": [
          "nixpkgs"
        ]
      },
      "locked": {
        "lastModified": 1743216975,
        "narHash": "sha256-29xgm8F3DCcTNrQZ9V3Pwj6BkjalkKvGyjd+sF9/+3k=",
        "owner": "0xc000022070",
        "repo": "zen-browser-flake",
        "rev": "165ee672e6b17a8bcc0a3fb51fab3f79715cc1f3",
        "type": "github"
      },
      "original": {
        "owner": "0xc000022070",
        "repo": "zen-browser-flake",
        "type": "github"
      }
    }
  },
  "root": "root",
  "version": 7
}
